/athena/apostoloulab/scratch/ukl4001/MtoG1_analysis_code/MicroC_GenomeDISCO/log/genomedisco_46.ok
/athena/apostoloulab/scratch/ukl4001/MtoG1_analysis_code/MicroC_GenomeDISCO/log/genomedisco_47.ok
/athena/apostoloulab/scratch/ukl4001/MtoG1_analysis_code/MicroC_GenomeDISCO/log/genomedisco_48.ok
/athena/apostoloulab/scratch/ukl4001/MtoG1_analysis_code/MicroC_GenomeDISCO/log/genomedisco_49.ok
/athena/apostoloulab/scratch/ukl4001/MtoG1_analysis_code/MicroC_GenomeDISCO/log/genomedisco_50.ok
/athena/apostoloulab/scratch/ukl4001/MtoG1_analysis_code/MicroC_GenomeDISCO/log/genomedisco_51.ok
/athena/apostoloulab/scratch/ukl4001/MtoG1_analysis_code/MicroC_GenomeDISCO/log/genomedisco_52.ok
/athena/apostoloulab/scratch/ukl4001/MtoG1_analysis_code/MicroC_GenomeDISCO/log/genomedisco_53.ok
/athena/apostoloulab/scratch/ukl4001/MtoG1_analysis_code/MicroC_GenomeDISCO/log/genomedisco_54.ok
/athena/apostoloulab/scratch/ukl4001/MtoG1_analysis_code/MicroC_GenomeDISCO/log/genomedisco_55.ok
/athena/apostoloulab/scratch/ukl4001/MtoG1_analysis_code/MicroC_GenomeDISCO/log/genomedisco_56.ok
/athena/apostoloulab/scratch/ukl4001/MtoG1_analysis_code/MicroC_GenomeDISCO/log/genomedisco_57.ok
/athena/apostoloulab/scratch/ukl4001/MtoG1_analysis_code/MicroC_GenomeDISCO/metadata/metadata_46.samples
/athena/apostoloulab/scratch/ukl4001/MtoG1_analysis_code/MicroC_GenomeDISCO/metadata/metadata_46.pairs
/athena/apostoloulab/scratch/ukl4001/MtoG1_analysis_code/MicroC_GenomeDISCO/metadata/metadata_47.samples
/athena/apostoloulab/scratch/ukl4001/MtoG1_analysis_code/MicroC_GenomeDISCO/metadata/metadata_47.pairs
/athena/apostoloulab/scratch/ukl4001/MtoG1_analysis_code/MicroC_GenomeDISCO/metadata/metadata_48.samples
/athena/apostoloulab/scratch/ukl4001/MtoG1_analysis_code/MicroC_GenomeDISCO/metadata/metadata_48.pairs
/athena/apostoloulab/scratch/ukl4001/MtoG1_analysis_code/MicroC_GenomeDISCO/metadata/metadata_49.samples
/athena/apostoloulab/scratch/ukl4001/MtoG1_analysis_code/MicroC_GenomeDISCO/metadata/metadata_49.pairs
/athena/apostoloulab/scratch/ukl4001/MtoG1_analysis_code/MicroC_GenomeDISCO/metadata/metadata_50.samples
/athena/apostoloulab/scratch/ukl4001/MtoG1_analysis_code/MicroC_GenomeDISCO/metadata/metadata_50.pairs
/athena/apostoloulab/scratch/ukl4001/MtoG1_analysis_code/MicroC_GenomeDISCO/metadata/metadata_51.samples
/athena/apostoloulab/scratch/ukl4001/MtoG1_analysis_code/MicroC_GenomeDISCO/metadata/metadata_51.pairs
/athena/apostoloulab/scratch/ukl4001/MtoG1_analysis_code/MicroC_GenomeDISCO/metadata/metadata_52.samples
/athena/apostoloulab/scratch/ukl4001/MtoG1_analysis_code/MicroC_GenomeDISCO/metadata/metadata_52.pairs
/athena/apostoloulab/scratch/ukl4001/MtoG1_analysis_code/MicroC_GenomeDISCO/metadata/metadata_53.samples
/athena/apostoloulab/scratch/ukl4001/MtoG1_analysis_code/MicroC_GenomeDISCO/metadata/metadata_53.pairs
/athena/apostoloulab/scratch/ukl4001/MtoG1_analysis_code/MicroC_GenomeDISCO/metadata/metadata_54.samples
/athena/apostoloulab/scratch/ukl4001/MtoG1_analysis_code/MicroC_GenomeDISCO/metadata/metadata_54.pairs
/athena/apostoloulab/scratch/ukl4001/MtoG1_analysis_code/MicroC_GenomeDISCO/metadata/metadata_55.samples
/athena/apostoloulab/scratch/ukl4001/MtoG1_analysis_code/MicroC_GenomeDISCO/metadata/metadata_55.pairs
/athena/apostoloulab/scratch/ukl4001/MtoG1_analysis_code/MicroC_GenomeDISCO/metadata/metadata_56.samples
/athena/apostoloulab/scratch/ukl4001/MtoG1_analysis_code/MicroC_GenomeDISCO/metadata/metadata_56.pairs
/athena/apostoloulab/scratch/ukl4001/MtoG1_analysis_code/MicroC_GenomeDISCO/metadata/metadata_57.samples
/athena/apostoloulab/scratch/ukl4001/MtoG1_analysis_code/MicroC_GenomeDISCO/metadata/metadata_57.pairs
