/athena/apostoloulab/scratch/ukl4001/MtoG1_analysis_code/MicroC_GenomeDISCO/log/genomedisco_47.ok
/athena/apostoloulab/scratch/ukl4001/MtoG1_analysis_code/MicroC_GenomeDISCO/log/genomedisco_50.ok
/athena/apostoloulab/scratch/ukl4001/MtoG1_analysis_code/MicroC_GenomeDISCO/log/genomedisco_52.ok
/athena/apostoloulab/scratch/ukl4001/MtoG1_analysis_code/MicroC_GenomeDISCO/log/genomedisco_54.ok
/athena/apostoloulab/scratch/ukl4001/MtoG1_analysis_code/MicroC_GenomeDISCO/log/genomedisco_56.ok
/athena/apostoloulab/scratch/ukl4001/MtoG1_analysis_code/MicroC_GenomeDISCO/log/genomedisco_46.ok
/athena/apostoloulab/scratch/ukl4001/MtoG1_analysis_code/MicroC_GenomeDISCO/log/genomedisco_48.ok
/athena/apostoloulab/scratch/ukl4001/MtoG1_analysis_code/MicroC_GenomeDISCO/log/genomedisco_49.ok
/athena/apostoloulab/scratch/ukl4001/MtoG1_analysis_code/MicroC_GenomeDISCO/log/genomedisco_51.ok
/athena/apostoloulab/scratch/ukl4001/MtoG1_analysis_code/MicroC_GenomeDISCO/log/genomedisco_53.ok
/athena/apostoloulab/scratch/ukl4001/MtoG1_analysis_code/MicroC_GenomeDISCO/log/genomedisco_55.ok
/athena/apostoloulab/scratch/ukl4001/MtoG1_analysis_code/MicroC_GenomeDISCO/log/genomedisco_57.ok
